{
  "nodes": {
    "flake-utils": {
      "locked": {
        "lastModified": 1678901627,
        "narHash": "sha256-U02riOqrKKzwjsxc/400XnElV+UtPUQWpANPlyazjH0=",
        "owner": "numtide",
        "repo": "flake-utils",
        "rev": "93a2b84fc4b70d9e089d029deacc3583435c2ed6",
        "type": "github"
      },
      "original": {
        "owner": "numtide",
        "repo": "flake-utils",
        "type": "github"
      }
    },
    "haskell-overlay": {
      "locked": {
        "lastModified": 1667282725,
        "narHash": "sha256-16pHe95ok9q1t9wDDAFGy+1hwIyb3D26a8Fn4DLN0j8=",
        "owner": "evanrelf",
        "repo": "haskell-overlay",
        "rev": "b65c9b30f6db4537264854ab645f4557fa14645b",
        "type": "github"
      },
      "original": {
        "owner": "evanrelf",
        "repo": "haskell-overlay",
        "type": "github"
      }
    },
    "nixpkgs": {
      "locked": {
        "lastModified": 1679100930,
        "narHash": "sha256-fAYjtRoGHxup/CqYGG/pXtPino6GADTLhfLBjEuKeKY=",
        "owner": "NixOS",
        "repo": "nixpkgs",
        "rev": "8aedbfa0382af65201623517f649c137d76d6f8a",
        "type": "github"
      },
      "original": {
        "owner": "NixOS",
        "repo": "nixpkgs",
        "type": "github"
      }
    },
    "root": {
      "inputs": {
        "flake-utils": "flake-utils",
        "haskell-overlay": "haskell-overlay",
        "nixpkgs": "nixpkgs"
      }
    }
  },
  "root": "root",
  "version": 7
}
